
Microsoft Visual Studio Solution File, Format Version 12.00
# Visual Studio Version 16
VisualStudioVersion = 16.0.29609.76
MinimumVisualStudioVersion = 10.0.40219.1
Project("{9A19103F-16F7-4668-BE54-9A1E7A4F7556}") = "AspNetMonsters.ApplicationInsights", "AspNetMonsters.ApplicationInsights\AspNetMonsters.ApplicationInsights.csproj", "{82086638-8B0A-45D6-A5DB-128CBAEE32F1}"
EndProject
Project("{9A19103F-16F7-4668-BE54-9A1E7A4F7556}") = "AspNetMonsters.ApplicationInsights.AspNetCore", "AspNetMonsters.ApplicationInsights.AspNetCore\AspNetMonsters.ApplicationInsights.AspNetCore.csproj", "{E262BD41-CD71-4BF6-81AF-8983B79D715D}"
EndProject
Project("{FAE04EC0-301F-11D3-BF4B-00C04F79EFBC}") = "AspNetMonsters.ApplicationInsights.Tests", "AspNetMonsters.ApplicationInsights.Tests\AspNetMonsters.ApplicationInsights.Tests.csproj", "{28171B06-62C4-4721-B474-46878B3F9E0D}"
EndProject
Global
	GlobalSection(SolutionConfigurationPlatforms) = preSolution
		Debug|Any CPU = Debug|Any CPU
		Release|Any CPU = Release|Any CPU
	EndGlobalSection
	GlobalSection(ProjectConfigurationPlatforms) = postSolution
		{82086638-8B0A-45D6-A5DB-128CBAEE32F1}.Debug|Any CPU.ActiveCfg = Debug|Any CPU
		{82086638-8B0A-45D6-A5DB-128CBAEE32F1}.Debug|Any CPU.Build.0 = Debug|Any CPU
		{82086638-8B0A-45D6-A5DB-128CBAEE32F1}.Release|Any CPU.ActiveCfg = Release|Any CPU
		{82086638-8B0A-45D6-A5DB-128CBAEE32F1}.Release|Any CPU.Build.0 = Release|Any CPU
		{E262BD41-CD71-4BF6-81AF-8983B79D715D}.Debug|Any CPU.ActiveCfg = Debug|Any CPU
		{E262BD41-CD71-4BF6-81AF-8983B79D715D}.Debug|Any CPU.Build.0 = Debug|Any CPU
		{E262BD41-CD71-4BF6-81AF-8983B79D715D}.Release|Any CPU.ActiveCfg = Release|Any CPU
		{E262BD41-CD71-4BF6-81AF-8983B79D715D}.Release|Any CPU.Build.0 = Release|Any CPU
		{28171B06-62C4-4721-B474-46878B3F9E0D}.Debug|Any CPU.ActiveCfg = Debug|Any CPU
		{28171B06-62C4-4721-B474-46878B3F9E0D}.Debug|Any CPU.Build.0 = Debug|Any CPU
		{28171B06-62C4-4721-B474-46878B3F9E0D}.Release|Any CPU.ActiveCfg = Release|Any CPU
		{28171B06-62C4-4721-B474-46878B3F9E0D}.Release|Any CPU.Build.0 = Release|Any CPU
	EndGlobalSection
	GlobalSection(SolutionProperties) = preSolution
		HideSolutionNode = FALSE
	EndGlobalSection
	GlobalSection(ExtensibilityGlobals) = postSolution
		SolutionGuid = {CB804891-E414-4F18-B889-9B6CC821E55D}
	EndGlobalSection
EndGlobal
